// !$*UTF8*$!
{
	archiveVersion = 1;
	classes = {
	};
	objectVersion = 51;
	objects = {

/* Begin PBXBuildFile section */
		361ACBFF7DF7DCFDBD9FBF50 /* Pods_Classifier.framework in Frameworks */ = {isa = PBXBuildFile; fileRef = 65A3666C5C57BD2C46B62BDA /* Pods_Classifier.framework */; };
		5421B46C22C783D500F4D103 /* AppDelegate.swift in Sources */ = {isa = PBXBuildFile; fileRef = 5421B46B22C783D500F4D103 /* AppDelegate.swift */; };
		5421B46E22C783D500F4D103 /* ViewController.swift in Sources */ = {isa = PBXBuildFile; fileRef = 5421B46D22C783D500F4D103 /* ViewController.swift */; };
		5421B47122C783D500F4D103 /* Main.storyboard in Resources */ = {isa = PBXBuildFile; fileRef = 5421B46F22C783D500F4D103 /* Main.storyboard */; };
		5421B47322C783D600F4D103 /* Assets.xcassets in Resources */ = {isa = PBXBuildFile; fileRef = 5421B47222C783D600F4D103 /* Assets.xcassets */; };
		5421B47622C783D600F4D103 /* LaunchScreen.storyboard in Resources */ = {isa = PBXBuildFile; fileRef = 5421B47422C783D600F4D103 /* LaunchScreen.storyboard */; };
/* End PBXBuildFile section */

/* Begin PBXFileReference section */
		333CFDA356DD56293E8C4CF4 /* Pods-Classifier.release.xcconfig */ = {isa = PBXFileReference; includeInIndex = 1; lastKnownFileType = text.xcconfig; name = "Pods-Classifier.release.xcconfig"; path = "Target Support Files/Pods-Classifier/Pods-Classifier.release.xcconfig"; sourceTree = "<group>"; };
		5421B46822C783D500F4D103 /* Classifier.app */ = {isa = PBXFileReference; explicitFileType = wrapper.application; includeInIndex = 0; path = Classifier.app; sourceTree = BUILT_PRODUCTS_DIR; };
		5421B46B22C783D500F4D103 /* AppDelegate.swift */ = {isa = PBXFileReference; lastKnownFileType = sourcecode.swift; path = AppDelegate.swift; sourceTree = "<group>"; };
		5421B46D22C783D500F4D103 /* ViewController.swift */ = {isa = PBXFileReference; lastKnownFileType = sourcecode.swift; path = ViewController.swift; sourceTree = "<group>"; };
		5421B47022C783D500F4D103 /* Base */ = {isa = PBXFileReference; lastKnownFileType = file.storyboard; name = Base; path = Base.lproj/Main.storyboard; sourceTree = "<group>"; };
		5421B47222C783D600F4D103 /* Assets.xcassets */ = {isa = PBXFileReference; lastKnownFileType = folder.assetcatalog; path = Assets.xcassets; sourceTree = "<group>"; };
		5421B47522C783D600F4D103 /* Base */ = {isa = PBXFileReference; lastKnownFileType = file.storyboard; name = Base; path = Base.lproj/LaunchScreen.storyboard; sourceTree = "<group>"; };
		5421B47722C783D600F4D103 /* Info.plist */ = {isa = PBXFileReference; lastKnownFileType = text.plist.xml; path = Info.plist; sourceTree = "<group>"; };
		65A3666C5C57BD2C46B62BDA /* Pods_Classifier.framework */ = {isa = PBXFileReference; explicitFileType = wrapper.framework; includeInIndex = 0; path = Pods_Classifier.framework; sourceTree = BUILT_PRODUCTS_DIR; };
		78882DE00F5D77CD619692F7 /* Pods-Classifier.debug.xcconfig */ = {isa = PBXFileReference; includeInIndex = 1; lastKnownFileType = text.xcconfig; name = "Pods-Classifier.debug.xcconfig"; path = "Target Support Files/Pods-Classifier/Pods-Classifier.debug.xcconfig"; sourceTree = "<group>"; };
/* End PBXFileReference section */

/* Begin PBXFrameworksBuildPhase section */
		5421B46522C783D500F4D103 /* Frameworks */ = {
			isa = PBXFrameworksBuildPhase;
			buildActionMask = 2147483647;
			files = (
				361ACBFF7DF7DCFDBD9FBF50 /* Pods_Classifier.framework in Frameworks */,
			);
			runOnlyForDeploymentPostprocessing = 0;
		};
/* End PBXFrameworksBuildPhase section */

/* Begin PBXGroup section */
		15CE48184DA366C3DDB8A4DA /* Frameworks */ = {
			isa = PBXGroup;
			children = (
				65A3666C5C57BD2C46B62BDA /* Pods_Classifier.framework */,
			);
			name = Frameworks;
			sourceTree = "<group>";
		};
		5421B45F22C783D500F4D103 = {
			isa = PBXGroup;
			children = (
				5421B46A22C783D500F4D103 /* Classifier */,
				5421B46922C783D500F4D103 /* Products */,
				FC130E92194944E4BF2476DB /* Pods */,
				15CE48184DA366C3DDB8A4DA /* Frameworks */,
			);
			sourceTree = "<group>";
		};
		5421B46922C783D500F4D103 /* Products */ = {
			isa = PBXGroup;
			children = (
				5421B46822C783D500F4D103 /* Classifier.app */,
			);
			name = Products;
			sourceTree = "<group>";
		};
		5421B46A22C783D500F4D103 /* Classifier */ = {
			isa = PBXGroup;
			children = (
				5421B46B22C783D500F4D103 /* AppDelegate.swift */,
				5421B46D22C783D500F4D103 /* ViewController.swift */,
				5421B46F22C783D500F4D103 /* Main.storyboard */,
				5421B47222C783D600F4D103 /* Assets.xcassets */,
				5421B47422C783D600F4D103 /* LaunchScreen.storyboard */,
				5421B47722C783D600F4D103 /* Info.plist */,
			);
			path = Classifier;
			sourceTree = "<group>";
		};
		FC130E92194944E4BF2476DB /* Pods */ = {
			isa = PBXGroup;
			children = (
				78882DE00F5D77CD619692F7 /* Pods-Classifier.debug.xcconfig */,
				333CFDA356DD56293E8C4CF4 /* Pods-Classifier.release.xcconfig */,
			);
			path = Pods;
			sourceTree = "<group>";
		};
/* End PBXGroup section */

/* Begin PBXNativeTarget section */
		5421B46722C783D500F4D103 /* Classifier */ = {
			isa = PBXNativeTarget;
			buildConfigurationList = 5421B47A22C783D600F4D103 /* Build configuration list for PBXNativeTarget "Classifier" */;
			buildPhases = (
				A03E5E77F4160B37D9C67478 /* [CP] Check Pods Manifest.lock */,
				5421B46422C783D500F4D103 /* Sources */,
				5421B46522C783D500F4D103 /* Frameworks */,
				5421B46622C783D500F4D103 /* Resources */,
				033FDAA3C3086E274131AC8D /* [CP] Embed Pods Frameworks */,
			);
			buildRules = (
			);
			dependencies = (
			);
			name = Classifier;
			productName = Classifier;
			productReference = 5421B46822C783D500F4D103 /* Classifier.app */;
			productType = "com.apple.product-type.application";
		};
/* End PBXNativeTarget section */

/* Begin PBXProject section */
		5421B46022C783D500F4D103 /* Project object */ = {
			isa = PBXProject;
			attributes = {
				LastSwiftUpdateCheck = 1020;
				LastUpgradeCheck = 1020;
				ORGANIZATIONNAME = "Brendan Milton";
				TargetAttributes = {
					5421B46722C783D500F4D103 = {
						CreatedOnToolsVersion = 10.2.1;
					};
				};
			};
			buildConfigurationList = 5421B46322C783D500F4D103 /* Build configuration list for PBXProject "Classifier" */;
			compatibilityVersion = "Xcode 9.3";
			developmentRegion = en;
			hasScannedForEncodings = 0;
			knownRegions = (
				en,
				Base,
			);
			mainGroup = 5421B45F22C783D500F4D103;
			productRefGroup = 5421B46922C783D500F4D103 /* Products */;
			projectDirPath = "";
			projectRoot = "";
			targets = (
				5421B46722C783D500F4D103 /* Classifier */,
			);
		};
/* End PBXProject section */

/* Begin PBXResourcesBuildPhase section */
		5421B46622C783D500F4D103 /* Resources */ = {
			isa = PBXResourcesBuildPhase;
			buildActionMask = 2147483647;
			files = (
				5421B47622C783D600F4D103 /* LaunchScreen.storyboard in Resources */,
				5421B47322C783D600F4D103 /* Assets.xcassets in Resources */,
				5421B47122C783D500F4D103 /* Main.storyboard in Resources */,
			);
			runOnlyForDeploymentPostprocessing = 0;
		};
/* End PBXResourcesBuildPhase section */

/* Begin PBXShellScriptBuildPhase section */
		033FDAA3C3086E274131AC8D /* [CP] Embed Pods Frameworks */ = {
			isa = PBXShellScriptBuildPhase;
			buildActionMask = 2147483647;
			files = (
			);
			inputFileListPaths = (
				"${PODS_ROOT}/Target Support Files/Pods-Classifier/Pods-Classifier-frameworks-${CONFIGURATION}-input-files.xcfilelist",
			);
			name = "[CP] Embed Pods Frameworks";
			outputFileListPaths = (
				"${PODS_ROOT}/Target Support Files/Pods-Classifier/Pods-Classifier-frameworks-${CONFIGURATION}-output-files.xcfilelist",
			);
			runOnlyForDeploymentPostprocessing = 0;
			shellPath = /bin/sh;
			shellScript = "\"${PODS_ROOT}/Target Support Files/Pods-Classifier/Pods-Classifier-frameworks.sh\"\n";
			showEnvVarsInLog = 0;
		};
		A03E5E77F4160B37D9C67478 /* [CP] Check Pods Manifest.lock */ = {
			isa = PBXShellScriptBuildPhase;
			buildActionMask = 2147483647;
			files = (
			);
			inputFileListPaths = (
			);
			inputPaths = (
				"${PODS_PODFILE_DIR_PATH}/Podfile.lock",
				"${PODS_ROOT}/Manifest.lock",
			);
			name = "[CP] Check Pods Manifest.lock";
			outputFileListPaths = (
			);
			outputPaths = (
				"$(DERIVED_FILE_DIR)/Pods-Classifier-checkManifestLockResult.txt",
			);
			runOnlyForDeploymentPostprocessing = 0;
			shellPath = /bin/sh;
			shellScript = "diff \"${PODS_PODFILE_DIR_PATH}/Podfile.lock\" \"${PODS_ROOT}/Manifest.lock\" > /dev/null\nif [ $? != 0 ] ; then\n    # print error to STDERR\n    echo \"error: The sandbox is not in sync with the Podfile.lock. Run 'pod install' or update your CocoaPods installation.\" >&2\n    exit 1\nfi\n# This output is used by Xcode 'outputs' to avoid re-running this script phase.\necho \"SUCCESS\" > \"${SCRIPT_OUTPUT_FILE_0}\"\n";
			showEnvVarsInLog = 0;
		};
/* End PBXShellScriptBuildPhase section */

/* Begin PBXSourcesBuildPhase section */
		5421B46422C783D500F4D103 /* Sources */ = {
			isa = PBXSourcesBuildPhase;
			buildActionMask = 2147483647;
			files = (
				5421B46E22C783D500F4D103 /* ViewController.swift in Sources */,
				5421B46C22C783D500F4D103 /* AppDelegate.swift in Sources */,
			);
			runOnlyForDeploymentPostprocessing = 0;
		};
/* End PBXSourcesBuildPhase section */

/* Begin PBXVariantGroup section */
		5421B46F22C783D500F4D103 /* Main.storyboard */ = {
			isa = PBXVariantGroup;
			children = (
				5421B47022C783D500F4D103 /* Base */,
			);
			name = Main.storyboard;
			sourceTree = "<group>";
		};
		5421B47422C783D600F4D103 /* LaunchScreen.storyboard */ = {
			isa = PBXVariantGroup;
			children = (
				5421B47522C783D600F4D103 /* Base */,
			);
			name = LaunchScreen.storyboard;
			sourceTree = "<group>";
		};
/* End PBXVariantGroup section */

/* Begin XCBuildConfiguration section */
		5421B47822C783D600F4D103 /* Debug */ = {
			isa = XCBuildConfiguration;
			buildSettings = {
				ALWAYS_SEARCH_USER_PATHS = NO;
				CLANG_ANALYZER_NONNULL = YES;
				CLANG_ANALYZER_NUMBER_OBJECT_CONVERSION = YES_AGGRESSIVE;
				CLANG_CXX_LANGUAGE_STANDARD = "gnu++14";
				CLANG_CXX_LIBRARY = "libc++";
				CLANG_ENABLE_MODULES = YES;
				CLANG_ENABLE_OBJC_ARC = YES;
				CLANG_ENABLE_OBJC_WEAK = YES;
				CLANG_WARN_BLOCK_CAPTURE_AUTORELEASING = YES;
				CLANG_WARN_BOOL_CONVERSION = YES;
				CLANG_WARN_COMMA = YES;
				CLANG_WARN_CONSTANT_CONVERSION = YES;
				CLANG_WARN_DEPRECATED_OBJC_IMPLEMENTATIONS = YES;
				CLANG_WARN_DIRECT_OBJC_ISA_USAGE = YES_ERROR;
				CLANG_WARN_DOCUMENTATION_COMMENTS = YES;
				CLANG_WARN_EMPTY_BODY = YES;
				CLANG_WARN_ENUM_CONVERSION = YES;
				CLANG_WARN_INFINITE_RECURSION = YES;
				CLANG_WARN_INT_CONVERSION = YES;
				CLANG_WARN_NON_LITERAL_NULL_CONVERSION = YES;
				CLANG_WARN_OBJC_IMPLICIT_RETAIN_SELF = YES;
				CLANG_WARN_OBJC_LITERAL_CONVERSION = YES;
				CLANG_WARN_OBJC_ROOT_CLASS = YES_ERROR;
				CLANG_WARN_RANGE_LOOP_ANALYSIS = YES;
				CLANG_WARN_STRICT_PROTOTYPES = YES;
				CLANG_WARN_SUSPICIOUS_MOVE = YES;
				CLANG_WARN_UNGUARDED_AVAILABILITY = YES_AGGRESSIVE;
				CLANG_WARN_UNREACHABLE_CODE = YES;
				CLANG_WARN__DUPLICATE_METHOD_MATCH = YES;
				CODE_SIGN_IDENTITY = "iPhone Developer";
				COPY_PHASE_STRIP = NO;
				DEBUG_INFORMATION_FORMAT = dwarf;
				ENABLE_STRICT_OBJC_MSGSEND = YES;
				ENABLE_TESTABILITY = YES;
				GCC_C_LANGUAGE_STANDARD = gnu11;
				GCC_DYNAMIC_NO_PIC = NO;
				GCC_NO_COMMON_BLOCKS = YES;
				GCC_OPTIMIZATION_LEVEL = 0;
				GCC_PREPROCESSOR_DEFINITIONS = (
					"DEBUG=1",
					"$(inherited)",
				);
				GCC_WARN_64_TO_32_BIT_CONVERSION = YES;
				GCC_WARN_ABOUT_RETURN_TYPE = YES_ERROR;
				GCC_WARN_UNDECLARED_SELECTOR = YES;
				GCC_WARN_UNINITIALIZED_AUTOS = YES_AGGRESSIVE;
				GCC_WARN_UNUSED_FUNCTION = YES;
				GCC_WARN_UNUSED_VARIABLE = YES;
				IPHONEOS_DEPLOYMENT_TARGET = 12.2;
				MTL_ENABLE_DEBUG_INFO = INCLUDE_SOURCE;
				MTL_FAST_MATH = YES;
				ONLY_ACTIVE_ARCH = YES;
				SDKROOT = iphoneos;
				SWIFT_ACTIVE_COMPILATION_CONDITIONS = DEBUG;
				SWIFT_OPTIMIZATION_LEVEL = "-Onone";
			};
			name = Debug;
		};
		5421B47922C783D600F4D103 /* Release */ = {
			isa = XCBuildConfiguration;
			buildSettings = {
				ALWAYS_SEARCH_USER_PATHS = NO;
				CLANG_ANALYZER_NONNULL = YES;
				CLANG_ANALYZER_NUMBER_OBJECT_CONVERSION = YES_AGGRESSIVE;
				CLANG_CXX_LANGUAGE_STANDARD = "gnu++14";
				CLANG_CXX_LIBRARY = "libc++";
				CLANG_ENABLE_MODULES = YES;
				CLANG_ENABLE_OBJC_ARC = YES;
				CLANG_ENABLE_OBJC_WEAK = YES;
				CLANG_WARN_BLOCK_CAPTURE_AUTORELEASING = YES;
				CLANG_WARN_BOOL_CONVERSION = YES;
				CLANG_WARN_COMMA = YES;
				CLANG_WARN_CONSTANT_CONVERSION = YES;
				CLANG_WARN_DEPRECATED_OBJC_IMPLEMENTATIONS = YES;
				CLANG_WARN_DIRECT_OBJC_ISA_USAGE = YES_ERROR;
				CLANG_WARN_DOCUMENTATION_COMMENTS = YES;
				CLANG_WARN_EMPTY_BODY = YES;
				CLANG_WARN_ENUM_CONVERSION = YES;
				CLANG_WARN_INFINITE_RECURSION = YES;
				CLANG_WARN_INT_CONVERSION = YES;
				CLANG_WARN_NON_LITERAL_NULL_CONVERSION = YES;
				CLANG_WARN_OBJC_IMPLICIT_RETAIN_SELF = YES;
				CLANG_WARN_OBJC_LITERAL_CONVERSION = YES;
				CLANG_WARN_OBJC_ROOT_CLASS = YES_ERROR;
				CLANG_WARN_RANGE_LOOP_ANALYSIS = YES;
				CLANG_WARN_STRICT_PROTOTYPES = YES;
				CLANG_WARN_SUSPICIOUS_MOVE = YES;
				CLANG_WARN_UNGUARDED_AVAILABILITY = YES_AGGRESSIVE;
				CLANG_WARN_UNREACHABLE_CODE = YES;
				CLANG_WARN__DUPLICATE_METHOD_MATCH = YES;
				CODE_SIGN_IDENTITY = "iPhone Developer";
				COPY_PHASE_STRIP = NO;
				DEBUG_INFORMATION_FORMAT = "dwarf-with-dsym";
				ENABLE_NS_ASSERTIONS = NO;
				ENABLE_STRICT_OBJC_MSGSEND = YES;
				GCC_C_LANGUAGE_STANDARD = gnu11;
				GCC_NO_COMMON_BLOCKS = YES;
				GCC_WARN_64_TO_32_BIT_CONVERSION = YES;
				GCC_WARN_ABOUT_RETURN_TYPE = YES_ERROR;
				GCC_WARN_UNDECLARED_SELECTOR = YES;
				GCC_WARN_UNINITIALIZED_AUTOS = YES_AGGRESSIVE;
				GCC_WARN_UNUSED_FUNCTION = YES;
				GCC_WARN_UNUSED_VARIABLE = YES;
				IPHONEOS_DEPLOYMENT_TARGET = 12.2;
				MTL_ENABLE_DEBUG_INFO = NO;
				MTL_FAST_MATH = YES;
				SDKROOT = iphoneos;
				SWIFT_COMPILATION_MODE = wholemodule;
				SWIFT_OPTIMIZATION_LEVEL = "-O";
				VALIDATE_PRODUCT = YES;
			};
			name = Release;
		};
		5421B47B22C783D600F4D103 /* Debug */ = {
			isa = XCBuildConfiguration;
			baseConfigurationReference = 78882DE00F5D77CD619692F7 /* Pods-Classifier.debug.xcconfig */;
			buildSettings = {
				ASSETCATALOG_COMPILER_APPICON_NAME = AppIcon;
				CODE_SIGN_STYLE = Automatic;
				DEVELOPMENT_TEAM = 3Z9HS596GE;
				INFOPLIST_FILE = Classifier/Info.plist;
				LD_RUNPATH_SEARCH_PATHS = (
					"$(inherited)",
					"@executable_path/Frameworks",
				);
				PRODUCT_BUNDLE_IDENTIFIER = com.brendan.Classifier;
				PRODUCT_NAME = "$(TARGET_NAME)";
				SWIFT_VERSION = 5.0;
				TARGETED_DEVICE_FAMILY = "1,2";
			};
			name = Debug;
		};
		5421B47C22C783D600F4D103 /* Release */ = {
			isa = XCBuildConfiguration;
			baseConfigurationReference = 333CFDA356DD56293E8C4CF4 /* Pods-Classifier.release.xcconfig */;
			buildSettings = {
				ASSETCATALOG_COMPILER_APPICON_NAME = AppIcon;
				CODE_SIGN_STYLE = Automatic;
				DEVELOPMENT_TEAM = 3Z9HS596GE;
				INFOPLIST_FILE = Classifier/Info.plist;
				LD_RUNPATH_SEARCH_PATHS = (
					"$(inherited)",
					"@executable_path/Frameworks",
				);
				PRODUCT_BUNDLE_IDENTIFIER = com.brendan.Classifier;
				PRODUCT_NAME = "$(TARGET_NAME)";
				SWIFT_VERSION = 5.0;
				TARGETED_DEVICE_FAMILY = "1,2";
			};
			name = Release;
		};
/* End XCBuildConfiguration section */

/* Begin XCConfigurationList section */
		5421B46322C783D500F4D103 /* Build configuration list for PBXProject "Classifier" */ = {
			isa = XCConfigurationList;
			buildConfigurations = (
				5421B47822C783D600F4D103 /* Debug */,
				5421B47922C783D600F4D103 /* Release */,
			);
			defaultConfigurationIsVisible = 0;
			defaultConfigurationName = Release;
		};
		5421B47A22C783D600F4D103 /* Build configuration list for PBXNativeTarget "Classifier" */ = {
			isa = XCConfigurationList;
			buildConfigurations = (
				5421B47B22C783D600F4D103 /* Debug */,
				5421B47C22C783D600F4D103 /* Release */,
			);
			defaultConfigurationIsVisible = 0;
			defaultConfigurationName = Release;
		};
/* End XCConfigurationList section */
	};
	rootObject = 5421B46022C783D500F4D103 /* Project object */;
}
